// !$*UTF8*$!
{
	archiveVersion = 1;
	classes = {
	};
	objectVersion = 50;
	objects = {

/* Begin PBXBuildFile section */
		BAA146BB230B8AEC000E6E05 /* AppDelegate.swift in Sources */ = {isa = PBXBuildFile; fileRef = BAA146BA230B8AEC000E6E05 /* AppDelegate.swift */; };
		BAA146BD230B8AEC000E6E05 /* ViewController.swift in Sources */ = {isa = PBXBuildFile; fileRef = BAA146BC230B8AEC000E6E05 /* ViewController.swift */; };
		BAA146C0230B8AED000E6E05 /* Main.storyboard in Resources */ = {isa = PBXBuildFile; fileRef = BAA146BE230B8AED000E6E05 /* Main.storyboard */; };
		BAA146C2230B8AEE000E6E05 /* Assets.xcassets in Resources */ = {isa = PBXBuildFile; fileRef = BAA146C1230B8AEE000E6E05 /* Assets.xcassets */; };
		BAA146C5230B8AEE000E6E05 /* LaunchScreen.storyboard in Resources */ = {isa = PBXBuildFile; fileRef = BAA146C3230B8AEE000E6E05 /* LaunchScreen.storyboard */; };
		BAA146D0230B8AEE000E6E05 /* Exif_DataTests.swift in Sources */ = {isa = PBXBuildFile; fileRef = BAA146CF230B8AEE000E6E05 /* Exif_DataTests.swift */; };
		BAA146DB230B8AEE000E6E05 /* Exif_DataUITests.swift in Sources */ = {isa = PBXBuildFile; fileRef = BAA146DA230B8AEE000E6E05 /* Exif_DataUITests.swift */; };
/* End PBXBuildFile section */

/* Begin PBXContainerItemProxy section */
		BAA146CC230B8AEE000E6E05 /* PBXContainerItemProxy */ = {
			isa = PBXContainerItemProxy;
			containerPortal = BAA146AF230B8AEC000E6E05 /* Project object */;
			proxyType = 1;
			remoteGlobalIDString = BAA146B6230B8AEC000E6E05;
			remoteInfo = "Exif Data";
		};
		BAA146D7230B8AEE000E6E05 /* PBXContainerItemProxy */ = {
			isa = PBXContainerItemProxy;
			containerPortal = BAA146AF230B8AEC000E6E05 /* Project object */;
			proxyType = 1;
			remoteGlobalIDString = BAA146B6230B8AEC000E6E05;
			remoteInfo = "Exif Data";
		};
/* End PBXContainerItemProxy section */

/* Begin PBXFileReference section */
		BAA146B7230B8AEC000E6E05 /* Exif Data.app */ = {isa = PBXFileReference; explicitFileType = wrapper.application; includeInIndex = 0; path = "Exif Data.app"; sourceTree = BUILT_PRODUCTS_DIR; };
		BAA146BA230B8AEC000E6E05 /* AppDelegate.swift */ = {isa = PBXFileReference; lastKnownFileType = sourcecode.swift; path = AppDelegate.swift; sourceTree = "<group>"; };
		BAA146BC230B8AEC000E6E05 /* ViewController.swift */ = {isa = PBXFileReference; lastKnownFileType = sourcecode.swift; path = ViewController.swift; sourceTree = "<group>"; };
		BAA146BF230B8AED000E6E05 /* Base */ = {isa = PBXFileReference; lastKnownFileType = file.storyboard; name = Base; path = Base.lproj/Main.storyboard; sourceTree = "<group>"; };
		BAA146C1230B8AEE000E6E05 /* Assets.xcassets */ = {isa = PBXFileReference; lastKnownFileType = folder.assetcatalog; path = Assets.xcassets; sourceTree = "<group>"; };
		BAA146C4230B8AEE000E6E05 /* Base */ = {isa = PBXFileReference; lastKnownFileType = file.storyboard; name = Base; path = Base.lproj/LaunchScreen.storyboard; sourceTree = "<group>"; };
		BAA146C6230B8AEE000E6E05 /* Info.plist */ = {isa = PBXFileReference; lastKnownFileType = text.plist.xml; path = Info.plist; sourceTree = "<group>"; };
		BAA146CB230B8AEE000E6E05 /* Exif DataTests.xctest */ = {isa = PBXFileReference; explicitFileType = wrapper.cfbundle; includeInIndex = 0; path = "Exif DataTests.xctest"; sourceTree = BUILT_PRODUCTS_DIR; };
		BAA146CF230B8AEE000E6E05 /* Exif_DataTests.swift */ = {isa = PBXFileReference; lastKnownFileType = sourcecode.swift; path = Exif_DataTests.swift; sourceTree = "<group>"; };
		BAA146D1230B8AEE000E6E05 /* Info.plist */ = {isa = PBXFileReference; lastKnownFileType = text.plist.xml; path = Info.plist; sourceTree = "<group>"; };
		BAA146D6230B8AEE000E6E05 /* Exif DataUITests.xctest */ = {isa = PBXFileReference; explicitFileType = wrapper.cfbundle; includeInIndex = 0; path = "Exif DataUITests.xctest"; sourceTree = BUILT_PRODUCTS_DIR; };
		BAA146DA230B8AEE000E6E05 /* Exif_DataUITests.swift */ = {isa = PBXFileReference; lastKnownFileType = sourcecode.swift; path = Exif_DataUITests.swift; sourceTree = "<group>"; };
		BAA146DC230B8AEE000E6E05 /* Info.plist */ = {isa = PBXFileReference; lastKnownFileType = text.plist.xml; path = Info.plist; sourceTree = "<group>"; };
/* End PBXFileReference section */

/* Begin PBXFrameworksBuildPhase section */
		BAA146B4230B8AEC000E6E05 /* Frameworks */ = {
			isa = PBXFrameworksBuildPhase;
			buildActionMask = 2147483647;
			files = (
			);
			runOnlyForDeploymentPostprocessing = 0;
		};
		BAA146C8230B8AEE000E6E05 /* Frameworks */ = {
			isa = PBXFrameworksBuildPhase;
			buildActionMask = 2147483647;
			files = (
			);
			runOnlyForDeploymentPostprocessing = 0;
		};
		BAA146D3230B8AEE000E6E05 /* Frameworks */ = {
			isa = PBXFrameworksBuildPhase;
			buildActionMask = 2147483647;
			files = (
			);
			runOnlyForDeploymentPostprocessing = 0;
		};
/* End PBXFrameworksBuildPhase section */

/* Begin PBXGroup section */
		BAA146AE230B8AEC000E6E05 = {
			isa = PBXGroup;
			children = (
				BAA146B9230B8AEC000E6E05 /* Exif Data */,
				BAA146CE230B8AEE000E6E05 /* Exif DataTests */,
				BAA146D9230B8AEE000E6E05 /* Exif DataUITests */,
				BAA146B8230B8AEC000E6E05 /* Products */,
			);
			sourceTree = "<group>";
		};
		BAA146B8230B8AEC000E6E05 /* Products */ = {
			isa = PBXGroup;
			children = (
				BAA146B7230B8AEC000E6E05 /* Exif Data.app */,
				BAA146CB230B8AEE000E6E05 /* Exif DataTests.xctest */,
				BAA146D6230B8AEE000E6E05 /* Exif DataUITests.xctest */,
			);
			name = Products;
			sourceTree = "<group>";
		};
		BAA146B9230B8AEC000E6E05 /* Exif Data */ = {
			isa = PBXGroup;
			children = (
				BAA146BA230B8AEC000E6E05 /* AppDelegate.swift */,
				BAA146BC230B8AEC000E6E05 /* ViewController.swift */,
				BAA146BE230B8AED000E6E05 /* Main.storyboard */,
				BAA146C1230B8AEE000E6E05 /* Assets.xcassets */,
				BAA146C3230B8AEE000E6E05 /* LaunchScreen.storyboard */,
				BAA146C6230B8AEE000E6E05 /* Info.plist */,
			);
			path = "Exif Data";
			sourceTree = "<group>";
		};
		BAA146CE230B8AEE000E6E05 /* Exif DataTests */ = {
			isa = PBXGroup;
			children = (
				BAA146CF230B8AEE000E6E05 /* Exif_DataTests.swift */,
				BAA146D1230B8AEE000E6E05 /* Info.plist */,
			);
			path = "Exif DataTests";
			sourceTree = "<group>";
		};
		BAA146D9230B8AEE000E6E05 /* Exif DataUITests */ = {
			isa = PBXGroup;
			children = (
				BAA146DA230B8AEE000E6E05 /* Exif_DataUITests.swift */,
				BAA146DC230B8AEE000E6E05 /* Info.plist */,
			);
			path = "Exif DataUITests";
			sourceTree = "<group>";
		};
/* End PBXGroup section */

/* Begin PBXNativeTarget section */
		BAA146B6230B8AEC000E6E05 /* Exif Data */ = {
			isa = PBXNativeTarget;
			buildConfigurationList = BAA146DF230B8AEE000E6E05 /* Build configuration list for PBXNativeTarget "Exif Data" */;
			buildPhases = (
				BAA146B3230B8AEC000E6E05 /* Sources */,
				BAA146B4230B8AEC000E6E05 /* Frameworks */,
				BAA146B5230B8AEC000E6E05 /* Resources */,
			);
			buildRules = (
			);
			dependencies = (
			);
			name = "Exif Data";
			productName = "Exif Data";
			productReference = BAA146B7230B8AEC000E6E05 /* Exif Data.app */;
			productType = "com.apple.product-type.application";
		};
		BAA146CA230B8AEE000E6E05 /* Exif DataTests */ = {
			isa = PBXNativeTarget;
			buildConfigurationList = BAA146E2230B8AEE000E6E05 /* Build configuration list for PBXNativeTarget "Exif DataTests" */;
			buildPhases = (
				BAA146C7230B8AEE000E6E05 /* Sources */,
				BAA146C8230B8AEE000E6E05 /* Frameworks */,
				BAA146C9230B8AEE000E6E05 /* Resources */,
			);
			buildRules = (
			);
			dependencies = (
				BAA146CD230B8AEE000E6E05 /* PBXTargetDependency */,
			);
			name = "Exif DataTests";
			productName = "Exif DataTests";
			productReference = BAA146CB230B8AEE000E6E05 /* Exif DataTests.xctest */;
			productType = "com.apple.product-type.bundle.unit-test";
		};
		BAA146D5230B8AEE000E6E05 /* Exif DataUITests */ = {
			isa = PBXNativeTarget;
			buildConfigurationList = BAA146E5230B8AEE000E6E05 /* Build configuration list for PBXNativeTarget "Exif DataUITests" */;
			buildPhases = (
				BAA146D2230B8AEE000E6E05 /* Sources */,
				BAA146D3230B8AEE000E6E05 /* Frameworks */,
				BAA146D4230B8AEE000E6E05 /* Resources */,
			);
			buildRules = (
			);
			dependencies = (
				BAA146D8230B8AEE000E6E05 /* PBXTargetDependency */,
			);
			name = "Exif DataUITests";
			productName = "Exif DataUITests";
			productReference = BAA146D6230B8AEE000E6E05 /* Exif DataUITests.xctest */;
			productType = "com.apple.product-type.bundle.ui-testing";
		};
/* End PBXNativeTarget section */

/* Begin PBXProject section */
		BAA146AF230B8AEC000E6E05 /* Project object */ = {
			isa = PBXProject;
			attributes = {
				LastSwiftUpdateCheck = 1010;
				LastUpgradeCheck = 1010;
				ORGANIZATIONNAME = "Vuong Toan Chung";
				TargetAttributes = {
					BAA146B6230B8AEC000E6E05 = {
						CreatedOnToolsVersion = 10.1;
					};
					BAA146CA230B8AEE000E6E05 = {
						CreatedOnToolsVersion = 10.1;
						TestTargetID = BAA146B6230B8AEC000E6E05;
					};
					BAA146D5230B8AEE000E6E05 = {
						CreatedOnToolsVersion = 10.1;
						TestTargetID = BAA146B6230B8AEC000E6E05;
					};
				};
			};
			buildConfigurationList = BAA146B2230B8AEC000E6E05 /* Build configuration list for PBXProject "Exif Data" */;
			compatibilityVersion = "Xcode 9.3";
			developmentRegion = en;
			hasScannedForEncodings = 0;
			knownRegions = (
				en,
				Base,
			);
			mainGroup = BAA146AE230B8AEC000E6E05;
			productRefGroup = BAA146B8230B8AEC000E6E05 /* Products */;
			projectDirPath = "";
			projectRoot = "";
			targets = (
				BAA146B6230B8AEC000E6E05 /* Exif Data */,
				BAA146CA230B8AEE000E6E05 /* Exif DataTests */,
				BAA146D5230B8AEE000E6E05 /* Exif DataUITests */,
			);
		};
/* End PBXProject section */

/* Begin PBXResourcesBuildPhase section */
		BAA146B5230B8AEC000E6E05 /* Resources */ = {
			isa = PBXResourcesBuildPhase;
			buildActionMask = 2147483647;
			files = (
				BAA146C5230B8AEE000E6E05 /* LaunchScreen.storyboard in Resources */,
				BAA146C2230B8AEE000E6E05 /* Assets.xcassets in Resources */,
				BAA146C0230B8AED000E6E05 /* Main.storyboard in Resources */,
			);
			runOnlyForDeploymentPostprocessing = 0;
		};
		BAA146C9230B8AEE000E6E05 /* Resources */ = {
			isa = PBXResourcesBuildPhase;
			buildActionMask = 2147483647;
			files = (
			);
			runOnlyForDeploymentPostprocessing = 0;
		};
		BAA146D4230B8AEE000E6E05 /* Resources */ = {
			isa = PBXResourcesBuildPhase;
			buildActionMask = 2147483647;
			files = (
			);
			runOnlyForDeploymentPostprocessing = 0;
		};
/* End PBXResourcesBuildPhase section */

/* Begin PBXSourcesBuildPhase section */
		BAA146B3230B8AEC000E6E05 /* Sources */ = {
			isa = PBXSourcesBuildPhase;
			buildActionMask = 2147483647;
			files = (
				BAA146BD230B8AEC000E6E05 /* ViewController.swift in Sources */,
				BAA146BB230B8AEC000E6E05 /* AppDelegate.swift in Sources */,
			);
			runOnlyForDeploymentPostprocessing = 0;
		};
		BAA146C7230B8AEE000E6E05 /* Sources */ = {
			isa = PBXSourcesBuildPhase;
			buildActionMask = 2147483647;
			files = (
				BAA146D0230B8AEE000E6E05 /* Exif_DataTests.swift in Sources */,
			);
			runOnlyForDeploymentPostprocessing = 0;
		};
		BAA146D2230B8AEE000E6E05 /* Sources */ = {
			isa = PBXSourcesBuildPhase;
			buildActionMask = 2147483647;
			files = (
				BAA146DB230B8AEE000E6E05 /* Exif_DataUITests.swift in Sources */,
			);
			runOnlyForDeploymentPostprocessing = 0;
		};
/* End PBXSourcesBuildPhase section */

/* Begin PBXTargetDependency section */
		BAA146CD230B8AEE000E6E05 /* PBXTargetDependency */ = {
			isa = PBXTargetDependency;
			target = BAA146B6230B8AEC000E6E05 /* Exif Data */;
			targetProxy = BAA146CC230B8AEE000E6E05 /* PBXContainerItemProxy */;
		};
		BAA146D8230B8AEE000E6E05 /* PBXTargetDependency */ = {
			isa = PBXTargetDependency;
			target = BAA146B6230B8AEC000E6E05 /* Exif Data */;
			targetProxy = BAA146D7230B8AEE000E6E05 /* PBXContainerItemProxy */;
		};
/* End PBXTargetDependency section */

/* Begin PBXVariantGroup section */
		BAA146BE230B8AED000E6E05 /* Main.storyboard */ = {
			isa = PBXVariantGroup;
			children = (
				BAA146BF230B8AED000E6E05 /* Base */,
			);
			name = Main.storyboard;
			sourceTree = "<group>";
		};
		BAA146C3230B8AEE000E6E05 /* LaunchScreen.storyboard */ = {
			isa = PBXVariantGroup;
			children = (
				BAA146C4230B8AEE000E6E05 /* Base */,
			);
			name = LaunchScreen.storyboard;
			sourceTree = "<group>";
		};
/* End PBXVariantGroup section */

/* Begin XCBuildConfiguration section */
		BAA146DD230B8AEE000E6E05 /* Debug */ = {
			isa = XCBuildConfiguration;
			buildSettings = {
				ALWAYS_SEARCH_USER_PATHS = NO;
				CLANG_ANALYZER_NONNULL = YES;
				CLANG_ANALYZER_NUMBER_OBJECT_CONVERSION = YES_AGGRESSIVE;
				CLANG_CXX_LANGUAGE_STANDARD = "gnu++14";
				CLANG_CXX_LIBRARY = "libc++";
				CLANG_ENABLE_MODULES = YES;
				CLANG_ENABLE_OBJC_ARC = YES;
				CLANG_ENABLE_OBJC_WEAK = YES;
				CLANG_WARN_BLOCK_CAPTURE_AUTORELEASING = YES;
				CLANG_WARN_BOOL_CONVERSION = YES;
				CLANG_WARN_COMMA = YES;
				CLANG_WARN_CONSTANT_CONVERSION = YES;
				CLANG_WARN_DEPRECATED_OBJC_IMPLEMENTATIONS = YES;
				CLANG_WARN_DIRECT_OBJC_ISA_USAGE = YES_ERROR;
				CLANG_WARN_DOCUMENTATION_COMMENTS = YES;
				CLANG_WARN_EMPTY_BODY = YES;
				CLANG_WARN_ENUM_CONVERSION = YES;
				CLANG_WARN_INFINITE_RECURSION = YES;
				CLANG_WARN_INT_CONVERSION = YES;
				CLANG_WARN_NON_LITERAL_NULL_CONVERSION = YES;
				CLANG_WARN_OBJC_IMPLICIT_RETAIN_SELF = YES;
				CLANG_WARN_OBJC_LITERAL_CONVERSION = YES;
				CLANG_WARN_OBJC_ROOT_CLASS = YES_ERROR;
				CLANG_WARN_RANGE_LOOP_ANALYSIS = YES;
				CLANG_WARN_STRICT_PROTOTYPES = YES;
				CLANG_WARN_SUSPICIOUS_MOVE = YES;
				CLANG_WARN_UNGUARDED_AVAILABILITY = YES_AGGRESSIVE;
				CLANG_WARN_UNREACHABLE_CODE = YES;
				CLANG_WARN__DUPLICATE_METHOD_MATCH = YES;
				CODE_SIGN_IDENTITY = "iPhone Developer";
				COPY_PHASE_STRIP = NO;
				DEBUG_INFORMATION_FORMAT = dwarf;
				ENABLE_STRICT_OBJC_MSGSEND = YES;
				ENABLE_TESTABILITY = YES;
				GCC_C_LANGUAGE_STANDARD = gnu11;
				GCC_DYNAMIC_NO_PIC = NO;
				GCC_NO_COMMON_BLOCKS = YES;
				GCC_OPTIMIZATION_LEVEL = 0;
				GCC_PREPROCESSOR_DEFINITIONS = (
					"DEBUG=1",
					"$(inherited)",
				);
				GCC_WARN_64_TO_32_BIT_CONVERSION = YES;
				GCC_WARN_ABOUT_RETURN_TYPE = YES_ERROR;
				GCC_WARN_UNDECLARED_SELECTOR = YES;
				GCC_WARN_UNINITIALIZED_AUTOS = YES_AGGRESSIVE;
				GCC_WARN_UNUSED_FUNCTION = YES;
				GCC_WARN_UNUSED_VARIABLE = YES;
				IPHONEOS_DEPLOYMENT_TARGET = 12.1;
				MTL_ENABLE_DEBUG_INFO = INCLUDE_SOURCE;
				MTL_FAST_MATH = YES;
				ONLY_ACTIVE_ARCH = YES;
				SDKROOT = iphoneos;
				SWIFT_ACTIVE_COMPILATION_CONDITIONS = DEBUG;
				SWIFT_OPTIMIZATION_LEVEL = "-Onone";
			};
			name = Debug;
		};
		BAA146DE230B8AEE000E6E05 /* Release */ = {
			isa = XCBuildConfiguration;
			buildSettings = {
				ALWAYS_SEARCH_USER_PATHS = NO;
				CLANG_ANALYZER_NONNULL = YES;
				CLANG_ANALYZER_NUMBER_OBJECT_CONVERSION = YES_AGGRESSIVE;
				CLANG_CXX_LANGUAGE_STANDARD = "gnu++14";
				CLANG_CXX_LIBRARY = "libc++";
				CLANG_ENABLE_MODULES = YES;
				CLANG_ENABLE_OBJC_ARC = YES;
				CLANG_ENABLE_OBJC_WEAK = YES;
				CLANG_WARN_BLOCK_CAPTURE_AUTORELEASING = YES;
				CLANG_WARN_BOOL_CONVERSION = YES;
				CLANG_WARN_COMMA = YES;
				CLANG_WARN_CONSTANT_CONVERSION = YES;
				CLANG_WARN_DEPRECATED_OBJC_IMPLEMENTATIONS = YES;
				CLANG_WARN_DIRECT_OBJC_ISA_USAGE = YES_ERROR;
				CLANG_WARN_DOCUMENTATION_COMMENTS = YES;
				CLANG_WARN_EMPTY_BODY = YES;
				CLANG_WARN_ENUM_CONVERSION = YES;
				CLANG_WARN_INFINITE_RECURSION = YES;
				CLANG_WARN_INT_CONVERSION = YES;
				CLANG_WARN_NON_LITERAL_NULL_CONVERSION = YES;
				CLANG_WARN_OBJC_IMPLICIT_RETAIN_SELF = YES;
				CLANG_WARN_OBJC_LITERAL_CONVERSION = YES;
				CLANG_WARN_OBJC_ROOT_CLASS = YES_ERROR;
				CLANG_WARN_RANGE_LOOP_ANALYSIS = YES;
				CLANG_WARN_STRICT_PROTOTYPES = YES;
				CLANG_WARN_SUSPICIOUS_MOVE = YES;
				CLANG_WARN_UNGUARDED_AVAILABILITY = YES_AGGRESSIVE;
				CLANG_WARN_UNREACHABLE_CODE = YES;
				CLANG_WARN__DUPLICATE_METHOD_MATCH = YES;
				CODE_SIGN_IDENTITY = "iPhone Developer";
				COPY_PHASE_STRIP = NO;
				DEBUG_INFORMATION_FORMAT = "dwarf-with-dsym";
				ENABLE_NS_ASSERTIONS = NO;
				ENABLE_STRICT_OBJC_MSGSEND = YES;
				GCC_C_LANGUAGE_STANDARD = gnu11;
				GCC_NO_COMMON_BLOCKS = YES;
				GCC_WARN_64_TO_32_BIT_CONVERSION = YES;
				GCC_WARN_ABOUT_RETURN_TYPE = YES_ERROR;
				GCC_WARN_UNDECLARED_SELECTOR = YES;
				GCC_WARN_UNINITIALIZED_AUTOS = YES_AGGRESSIVE;
				GCC_WARN_UNUSED_FUNCTION = YES;
				GCC_WARN_UNUSED_VARIABLE = YES;
				IPHONEOS_DEPLOYMENT_TARGET = 12.1;
				MTL_ENABLE_DEBUG_INFO = NO;
				MTL_FAST_MATH = YES;
				SDKROOT = iphoneos;
				SWIFT_COMPILATION_MODE = wholemodule;
				SWIFT_OPTIMIZATION_LEVEL = "-O";
				VALIDATE_PRODUCT = YES;
			};
			name = Release;
		};
		BAA146E0230B8AEE000E6E05 /* Debug */ = {
			isa = XCBuildConfiguration;
			buildSettings = {
				ASSETCATALOG_COMPILER_APPICON_NAME = AppIcon;
				CODE_SIGN_STYLE = Automatic;
				INFOPLIST_FILE = "Exif Data/Info.plist";
				LD_RUNPATH_SEARCH_PATHS = (
					"$(inherited)",
					"@executable_path/Frameworks",
				);
				PRODUCT_BUNDLE_IDENTIFIER = "None.Exif-Data";
				PRODUCT_NAME = "$(TARGET_NAME)";
				SWIFT_VERSION = 4.2;
				TARGETED_DEVICE_FAMILY = "1,2";
			};
			name = Debug;
		};
		BAA146E1230B8AEE000E6E05 /* Release */ = {
			isa = XCBuildConfiguration;
			buildSettings = {
				ASSETCATALOG_COMPILER_APPICON_NAME = AppIcon;
				CODE_SIGN_STYLE = Automatic;
				INFOPLIST_FILE = "Exif Data/Info.plist";
				LD_RUNPATH_SEARCH_PATHS = (
					"$(inherited)",
					"@executable_path/Frameworks",
				);
				PRODUCT_BUNDLE_IDENTIFIER = "None.Exif-Data";
				PRODUCT_NAME = "$(TARGET_NAME)";
				SWIFT_VERSION = 4.2;
				TARGETED_DEVICE_FAMILY = "1,2";
			};
			name = Release;
		};
		BAA146E3230B8AEE000E6E05 /* Debug */ = {
			isa = XCBuildConfiguration;
			buildSettings = {
				ALWAYS_EMBED_SWIFT_STANDARD_LIBRARIES = YES;
				BUNDLE_LOADER = "$(TEST_HOST)";
				CODE_SIGN_STYLE = Automatic;
				INFOPLIST_FILE = "Exif DataTests/Info.plist";
				LD_RUNPATH_SEARCH_PATHS = (
					"$(inherited)",
					"@executable_path/Frameworks",
					"@loader_path/Frameworks",
				);
				PRODUCT_BUNDLE_IDENTIFIER = "None.Exif-DataTests";
				PRODUCT_NAME = "$(TARGET_NAME)";
				SWIFT_VERSION = 4.2;
				TARGETED_DEVICE_FAMILY = "1,2";
				TEST_HOST = "$(BUILT_PRODUCTS_DIR)/Exif Data.app/Exif Data";
			};
			name = Debug;
		};
		BAA146E4230B8AEE000E6E05 /* Release */ = {
			isa = XCBuildConfiguration;
			buildSettings = {
				ALWAYS_EMBED_SWIFT_STANDARD_LIBRARIES = YES;
				BUNDLE_LOADER = "$(TEST_HOST)";
				CODE_SIGN_STYLE = Automatic;
				INFOPLIST_FILE = "Exif DataTests/Info.plist";
				LD_RUNPATH_SEARCH_PATHS = (
					"$(inherited)",
					"@executable_path/Frameworks",
					"@loader_path/Frameworks",
				);
				PRODUCT_BUNDLE_IDENTIFIER = "None.Exif-DataTests";
				PRODUCT_NAME = "$(TARGET_NAME)";
				SWIFT_VERSION = 4.2;
				TARGETED_DEVICE_FAMILY = "1,2";
				TEST_HOST = "$(BUILT_PRODUCTS_DIR)/Exif Data.app/Exif Data";
			};
			name = Release;
		};
		BAA146E6230B8AEE000E6E05 /* Debug */ = {
			isa = XCBuildConfiguration;
			buildSettings = {
				ALWAYS_EMBED_SWIFT_STANDARD_LIBRARIES = YES;
				CODE_SIGN_STYLE = Automatic;
				INFOPLIST_FILE = "Exif DataUITests/Info.plist";
				LD_RUNPATH_SEARCH_PATHS = (
					"$(inherited)",
					"@executable_path/Frameworks",
					"@loader_path/Frameworks",
				);
				PRODUCT_BUNDLE_IDENTIFIER = "None.Exif-DataUITests";
				PRODUCT_NAME = "$(TARGET_NAME)";
				SWIFT_VERSION = 4.2;
				TARGETED_DEVICE_FAMILY = "1,2";
				TEST_TARGET_NAME = "Exif Data";
			};
			name = Debug;
		};
		BAA146E7230B8AEE000E6E05 /* Release */ = {
			isa = XCBuildConfiguration;
			buildSettings = {
				ALWAYS_EMBED_SWIFT_STANDARD_LIBRARIES = YES;
				CODE_SIGN_STYLE = Automatic;
				INFOPLIST_FILE = "Exif DataUITests/Info.plist";
				LD_RUNPATH_SEARCH_PATHS = (
					"$(inherited)",
					"@executable_path/Frameworks",
					"@loader_path/Frameworks",
				);
				PRODUCT_BUNDLE_IDENTIFIER = "None.Exif-DataUITests";
				PRODUCT_NAME = "$(TARGET_NAME)";
				SWIFT_VERSION = 4.2;
				TARGETED_DEVICE_FAMILY = "1,2";
				TEST_TARGET_NAME = "Exif Data";
			};
			name = Release;
		};
/* End XCBuildConfiguration section */

/* Begin XCConfigurationList section */
		BAA146B2230B8AEC000E6E05 /* Build configuration list for PBXProject "Exif Data" */ = {
			isa = XCConfigurationList;
			buildConfigurations = (
				BAA146DD230B8AEE000E6E05 /* Debug */,
				BAA146DE230B8AEE000E6E05 /* Release */,
			);
			defaultConfigurationIsVisible = 0;
			defaultConfigurationName = Release;
		};
		BAA146DF230B8AEE000E6E05 /* Build configuration list for PBXNativeTarget "Exif Data" */ = {
			isa = XCConfigurationList;
			buildConfigurations = (
				BAA146E0230B8AEE000E6E05 /* Debug */,
				BAA146E1230B8AEE000E6E05 /* Release */,
			);
			defaultConfigurationIsVisible = 0;
			defaultConfigurationName = Release;
		};
		BAA146E2230B8AEE000E6E05 /* Build configuration list for PBXNativeTarget "Exif DataTests" */ = {
			isa = XCConfigurationList;
			buildConfigurations = (
				BAA146E3230B8AEE000E6E05 /* Debug */,
				BAA146E4230B8AEE000E6E05 /* Release */,
			);
			defaultConfigurationIsVisible = 0;
			defaultConfigurationName = Release;
		};
		BAA146E5230B8AEE000E6E05 /* Build configuration list for PBXNativeTarget "Exif DataUITests" */ = {
			isa = XCConfigurationList;
			buildConfigurations = (
				BAA146E6230B8AEE000E6E05 /* Debug */,
				BAA146E7230B8AEE000E6E05 /* Release */,
			);
			defaultConfigurationIsVisible = 0;
			defaultConfigurationName = Release;
		};
/* End XCConfigurationList section */
	};
	rootObject = BAA146AF230B8AEC000E6E05 /* Project object */;
}
